{
    "_meta": {
        "hash": {
            "sha256": "44688714a8ee9be11ddbf73c2e34d1e6d45fe8cb75ce8e7c70d88b14705939cf"
        },
        "pipfile-spec": 6,
        "requires": {
            "python_version": "3.8"
        },
        "sources": [
            {
                "name": "pypi",
                "url": "https://pypi.org/simple",
                "verify_ssl": true
            }
        ]
    },
    "default": {
        "asgiref": {
            "hashes": [
                "sha256:8036f90603c54e93521e5777b2b9a39ba1bad05773fcf2d208f0299d1df58ce5",
                "sha256:9ca8b952a0a9afa61d30aa6d3d9b570bb3fd6bafcf7ec9e6bed43b936133db1c"
            ],
            "version": "==3.2.7"
        },
        "certifi": {
            "hashes": [
                "sha256:1d987a998c75633c40847cc966fcf5904906c920a7f17ef374f5aa4282abd304",
                "sha256:51fcb31174be6e6664c5f69e3e1691a2d72a1a12e90f872cbdb1567eb47b6519"
            ],
            "index": "pypi",
            "version": "==2020.4.5.1"
        },
        "chardet": {
            "hashes": [
                "sha256:84ab92ed1c4d4f16916e05906b6b75a6c0fb5db821cc65e70cbd64a3e2a5eaae",
                "sha256:fc323ffcaeaed0e0a02bf4d117757b98aed530d9ed4531e3e15460124c106691"
            ],
            "index": "pypi",
            "version": "==3.0.4"
        },
        "coverage": {
            "hashes": [
                "sha256:00f1d23f4336efc3b311ed0d807feb45098fc86dee1ca13b3d6768cdab187c8a",
                "sha256:01333e1bd22c59713ba8a79f088b3955946e293114479bbfc2e37d522be03355",
                "sha256:0cb4be7e784dcdc050fc58ef05b71aa8e89b7e6636b99967fadbdba694cf2b65",
                "sha256:0e61d9803d5851849c24f78227939c701ced6704f337cad0a91e0972c51c1ee7",
                "sha256:1601e480b9b99697a570cea7ef749e88123c04b92d84cedaa01e117436b4a0a9",
                "sha256:2742c7515b9eb368718cd091bad1a1b44135cc72468c731302b3d641895b83d1",
                "sha256:2d27a3f742c98e5c6b461ee6ef7287400a1956c11421eb574d843d9ec1f772f0",
                "sha256:402e1744733df483b93abbf209283898e9f0d67470707e3c7516d84f48524f55",
                "sha256:5c542d1e62eece33c306d66fe0a5c4f7f7b3c08fecc46ead86d7916684b36d6c",
                "sha256:5f2294dbf7875b991c381e3d5af2bcc3494d836affa52b809c91697449d0eda6",
                "sha256:6402bd2fdedabbdb63a316308142597534ea8e1895f4e7d8bf7476c5e8751fef",
                "sha256:66460ab1599d3cf894bb6baee8c684788819b71a5dc1e8fa2ecc152e5d752019",
                "sha256:782caea581a6e9ff75eccda79287daefd1d2631cc09d642b6ee2d6da21fc0a4e",
                "sha256:79a3cfd6346ce6c13145731d39db47b7a7b859c0272f02cdb89a3bdcbae233a0",
                "sha256:7a5bdad4edec57b5fb8dae7d3ee58622d626fd3a0be0dfceda162a7035885ecf",
                "sha256:8fa0cbc7ecad630e5b0f4f35b0f6ad419246b02bc750de7ac66db92667996d24",
                "sha256:a027ef0492ede1e03a8054e3c37b8def89a1e3c471482e9f046906ba4f2aafd2",
                "sha256:a3f3654d5734a3ece152636aad89f58afc9213c6520062db3978239db122f03c",
                "sha256:a82b92b04a23d3c8a581fc049228bafde988abacba397d57ce95fe95e0338ab4",
                "sha256:acf3763ed01af8410fc36afea23707d4ea58ba7e86a8ee915dfb9ceff9ef69d0",
                "sha256:adeb4c5b608574a3d647011af36f7586811a2c1197c861aedb548dd2453b41cd",
                "sha256:b83835506dfc185a319031cf853fa4bb1b3974b1f913f5bb1a0f3d98bdcded04",
                "sha256:bb28a7245de68bf29f6fb199545d072d1036a1917dca17a1e75bbb919e14ee8e",
                "sha256:bf9cb9a9fd8891e7efd2d44deb24b86d647394b9705b744ff6f8261e6f29a730",
                "sha256:c317eaf5ff46a34305b202e73404f55f7389ef834b8dbf4da09b9b9b37f76dd2",
                "sha256:dbe8c6ae7534b5b024296464f387d57c13caa942f6d8e6e0346f27e509f0f768",
                "sha256:de807ae933cfb7f0c7d9d981a053772452217df2bf38e7e6267c9cbf9545a796",
                "sha256:dead2ddede4c7ba6cb3a721870f5141c97dc7d85a079edb4bd8d88c3ad5b20c7",
                "sha256:dec5202bfe6f672d4511086e125db035a52b00f1648d6407cc8e526912c0353a",
                "sha256:e1ea316102ea1e1770724db01998d1603ed921c54a86a2efcb03428d5417e489",
                "sha256:f90bfc4ad18450c80b024036eaf91e4a246ae287701aaa88eaebebf150868052"
            ],
            "index": "pypi",
            "version": "==5.1"
        },
        "dj-database-url": {
            "hashes": [
                "sha256:4aeaeb1f573c74835b0686a2b46b85990571159ffc21aa57ecd4d1e1cb334163",
                "sha256:851785365761ebe4994a921b433062309eb882fedd318e1b0fcecc607ed02da9"
            ],
            "index": "pypi",
            "version": "==0.5.0"
        },
        "django": {
            "hashes": [
                "sha256:642d8eceab321ca743ae71e0f985ff8fdca59f07aab3a9fb362c617d23e33a76",
                "sha256:d4666c2edefa38c5ede0ec1655424c56dc47ceb04b6d8d62a7eac09db89545c1"
            ],
            "index": "pypi",
            "version": "==3.0.5"
        },
        "django-heroku": {
            "hashes": [
                "sha256:2bc690aab89eedbe01311752320a9a12e7548e3b0ed102681acc5736a41a4762",
                "sha256:6af4bc3ae4a9b55eaad6dbe5164918982d2762661aebc9f83d9fa49f6009514e"
            ],
            "index": "pypi",
            "version": "==0.3.1"
        },
        "gunicorn": {
            "hashes": [
                "sha256:1904bb2b8a43658807108d59c3f3d56c2b6121a701161de0ddf9ad140073c626",
                "sha256:cd4a810dd51bf497552cf3f863b575dabd73d6ad6a91075b65936b151cbf4f9c"
            ],
            "index": "pypi",
            "version": "==20.0.4"
        },
        "idna": {
            "hashes": [
                "sha256:7588d1c14ae4c77d74036e8c22ff447b26d0fde8f007354fd48a7814db15b7cb",
                "sha256:a068a21ceac8a4d63dbfd964670474107f541babbd2250d61922f029858365fa"
            ],
            "index": "pypi",
            "version": "==2.9"
        },
        "node": {
            "hashes": [
                "sha256:39f156acbc6aa38dac7f85f291c33f6f285c7f8cad0786727cb06a8443c907b3"
            ],
            "index": "pypi",
            "version": "==0.9.25"
        },
        "odict": {
            "hashes": [
                "sha256:40ccbe7dbabb352bf857bffcce9b4079785c6d3a59ca591e8ab456678173c106"
            ],
            "version": "==1.7.0"
        },
        "plumber": {
            "hashes": [
                "sha256:229d1cb754fdc07c62d831f62eb32c7a71727738d4a6b3a298e587156eea4093"
            ],
            "version": "==1.5"
        },
        "psycopg2": {
            "hashes": [
                "sha256:132efc7ee46a763e68a815f4d26223d9c679953cd190f1f218187cb60decf535",
                "sha256:2327bf42c1744a434ed8ed0bbaa9168cac7ee5a22a9001f6fc85c33b8a4a14b7",
                "sha256:27c633f2d5db0fc27b51f1b08f410715b59fa3802987aec91aeb8f562724e95c",
                "sha256:2c0afb40cfb4d53487ee2ebe128649028c9a78d2476d14a67781e45dc287f080",
                "sha256:2df2bf1b87305bd95eb3ac666ee1f00a9c83d10927b8144e8e39644218f4cf81",
                "sha256:440a3ea2c955e89321a138eb7582aa1d22fe286c7d65e26a2c5411af0a88ae72",
                "sha256:6a471d4d2a6f14c97a882e8d3124869bc623f3df6177eefe02994ea41fd45b52",
                "sha256:6b306dae53ec7f4f67a10942cf8ac85de930ea90e9903e2df4001f69b7833f7e",
                "sha256:a0984ff49e176062fcdc8a5a2a670c9bb1704a2f69548bce8f8a7bad41c661bf",
                "sha256:ac5b23d0199c012ad91ed1bbb971b7666da651c6371529b1be8cbe2a7bf3c3a9",
                "sha256:acf56d564e443e3dea152efe972b1434058244298a94348fc518d6dd6a9fb0bb",
                "sha256:d3b29d717d39d3580efd760a9a46a7418408acebbb784717c90d708c9ed5f055",
                "sha256:f7d46240f7a1ae1dd95aab38bd74f7428d46531f69219954266d669da60c0818"
            ],
            "index": "pypi",
            "version": "==2.8.5"
        },
        "pycodestyle": {
            "hashes": [
                "sha256:95a2219d12372f05704562a14ec30bc76b05a5b297b21a5dfe3f6fac3491ae56",
                "sha256:e40a936c9a450ad81df37f549d676d127b1b66000a6c500caa2b085bc0ca976c"
            ],
            "index": "pypi",
            "version": "==2.5.0"
        },
        "pytz": {
            "hashes": [
                "sha256:1c557d7d0e871de1f5ccd5833f60fb2550652da6be2693c1e02300743d21500d",
                "sha256:b02c06db6cf09c12dd25137e563b31700d3b80fcc4ad23abb7a315f2789819be"
            ],
            "index": "pypi",
            "version": "==2019.3"
        },
        "requests": {
            "hashes": [
                "sha256:43999036bfa82904b6af1d99e4882b560e5e2c68e5c4b0aa03b655f3d7d73fee",
                "sha256:b3f43d496c6daba4493e7c431722aeb7dbc6288f52a6e04e7b6023b0247817e6"
            ],
            "index": "pypi",
            "version": "==2.23.0"
        },
        "sqlparse": {
            "hashes": [
                "sha256:022fb9c87b524d1f7862b3037e541f68597a730a8843245c349fc93e1643dc4e",
                "sha256:e162203737712307dfe78860cc56c8da8a852ab2ee33750e33aeadf38d12c548"
            ],
            "index": "pypi",
            "version": "==0.3.1"
        },
        "urllib3": {
            "hashes": [
                "sha256:2f3db8b19923a873b3e5256dc9c2dedfa883e33d87c690d9c7913e1f40673cdc",
                "sha256:87716c2d2a7121198ebcb7ce7cccf6ce5e9ba539041cfbaeecfb641dc0bf6acc"
            ],
            "index": "pypi",
            "version": "==1.25.8"
        },
        "whitenoise": {
            "hashes": [
                "sha256:0f9137f74bd95fa54329ace88d8dc695fbe895369a632e35f7a136e003e41d73",
                "sha256:62556265ec1011bd87113fb81b7516f52688887b7a010ee899ff1fd18fd22700"
            ],
            "index": "pypi",
            "version": "==5.0.1"
        },
        "zope.component": {
            "hashes": [
                "sha256:bfbe55d4a93e70a78b10edc3aad4de31bb8860919b7cbd8d66f717f7d7b279ac",
                "sha256:d9c7c27673d787faff8a83797ce34d6ebcae26a370e25bddb465ac2182766aca"
            ],
            "version": "==4.6.1"
        },
        "zope.deferredimport": {
            "hashes": [
                "sha256:57b2345e7b5eef47efcd4f634ff16c93e4265de3dcf325afc7315ade48d909e1",
                "sha256:9a0c211df44aa95f1c4e6d2626f90b400f56989180d3ef96032d708da3d23e0a"
            ],
            "version": "==4.3.1"
        },
        "zope.deprecation": {
            "hashes": [
                "sha256:0d453338f04bacf91bbfba545d8bcdf529aa829e67b705eac8c1a7fdce66e2df",
                "sha256:f1480b74995958b24ce37b0ef04d3663d2683e5d6debc96726eff18acf4ea113"
            ],
            "version": "==4.4.0"
        },
        "zope.event": {
            "hashes": [
                "sha256:69c27debad9bdacd9ce9b735dad382142281ac770c4a432b533d6d65c4614bcf",
                "sha256:d8e97d165fd5a0997b45f5303ae11ea3338becfe68c401dd88ffd2113fe5cae7"
            ],
            "version": "==4.4"
        },
        "zope.hookable": {
            "hashes": [
                "sha256:0194b9b9e7f614abba60c90b231908861036578297515d3d6508eb10190f266d",
                "sha256:0c2977473918bdefc6fa8dfb311f154e7f13c6133957fe649704deca79b92093",
                "sha256:17b8bdb3b77e03a152ca0d5ca185a7ae0156f5e5a2dbddf538676633a1f7380f",
                "sha256:29d07681a78042cdd15b268ae9decffed9ace68a53eebeb61d65ae931d158841",
                "sha256:36fb1b35d1150267cb0543a1ddd950c0bc2c75ed0e6e92e3aaa6ac2e29416cb7",
                "sha256:3aed60c2bb5e812bbf9295c70f25b17ac37c233f30447a96c67913ba5073642f",
                "sha256:3cac1565cc768911e72ca9ec4ddf5c5109e1fef0104f19f06649cf1874943b60",
                "sha256:3d4bc0cc4a37c3cd3081063142eeb2125511db3c13f6dc932d899c512690378e",
                "sha256:3f73096f27b8c28be53ffb6604f7b570fbbb82f273c6febe5f58119009b59898",
                "sha256:522d1153d93f2d48aa0bd9fb778d8d4500be2e4dcf86c3150768f0e3adbbc4ef",
                "sha256:523d2928fb7377bbdbc9af9c0b14ad73e6eaf226349f105733bdae27efd15b5a",
                "sha256:5848309d4fc5c02150a45e8f8d2227e5bfda386a508bbd3160fed7c633c5a2fa",
                "sha256:6781f86e6d54a110980a76e761eb54590630fd2af2a17d7edf02a079d2646c1d",
                "sha256:6fd27921ebf3aaa945fa25d790f1f2046204f24dba4946f82f5f0a442577c3e9",
                "sha256:70d581862863f6bf9e175e85c9d70c2d7155f53fb04dcdb2f73cf288ca559a53",
                "sha256:81867c23b0dc66c8366f351d00923f2bc5902820a24c2534dfd7bf01a5879963",
                "sha256:81db29edadcbb740cd2716c95a297893a546ed89db1bfe9110168732d7f0afdd",
                "sha256:86bd12624068cea60860a0759af5e2c3adc89c12aef6f71cf12f577e28deefe3",
                "sha256:9c184d8f9f7a76e1ced99855ccf390ffdd0ec3765e5cbf7b9cada600accc0a1e",
                "sha256:acc789e8c29c13555e43fe4bf9fcd15a65512c9645e97bbaa5602e3201252b02",
                "sha256:afaa740206b7660d4cc3b8f120426c85761f51379af7a5b05451f624ad12b0af",
                "sha256:b5f5fa323f878bb16eae68ea1ba7f6c0419d4695d0248bed4b18f51d7ce5ab85",
                "sha256:bd89e0e2c67bf4ac3aca2a19702b1a37269fb1923827f68324ac2e7afd6e3406",
                "sha256:c212de743283ec0735db24ec6ad913758df3af1b7217550ff270038062afd6ae",
                "sha256:ca553f524293a0bdea05e7f44c3e685e4b7b022cb37d87bc4a3efa0f86587a8d",
                "sha256:cab67065a3db92f636128d3157cc5424a145f82d96fb47159c539132833a6d36",
                "sha256:d3b3b3eedfdbf6b02898216e85aa6baf50207f4378a2a6803d6d47650cd37031",
                "sha256:d9f4a5a72f40256b686d31c5c0b1fde503172307beb12c1568296e76118e402c",
                "sha256:df5067d87aaa111ed5d050e1ee853ba284969497f91806efd42425f5348f1c06",
                "sha256:e2587644812c6138f05b8a41594a8337c6790e3baf9a01915e52438c13fc6bef",
                "sha256:e27fd877662db94f897f3fd532ef211ca4901eb1a70ba456f15c0866a985464a",
                "sha256:e427ebbdd223c72e06ba94c004bb04e996c84dec8a0fa84e837556ae145c439e",
                "sha256:e583ad4309c203ef75a09d43434cf9c2b4fa247997ecb0dcad769982c39411c7",
                "sha256:e760b2bc8ece9200804f0c2b64d10147ecaf18455a2a90827fbec4c9d84f3ad5",
                "sha256:ea9a9cc8bcc70e18023f30fa2f53d11ae069572a162791224e60cd65df55fb69",
                "sha256:ecb3f17dce4803c1099bd21742cd126b59817a4e76a6544d31d2cca6e30dbffd",
                "sha256:ed794e3b3de42486d30444fb60b5561e724ee8a2d1b17b0c2e0f81e3ddaf7a87",
                "sha256:ee885d347279e38226d0a437b6a932f207f691c502ee565aba27a7022f1285df",
                "sha256:fd5e7bc5f24f7e3d490698f7b854659a9851da2187414617cd5ed360af7efd63",
                "sha256:fe45f6870f7588ac7b2763ff1ce98cce59369717afe70cc353ec5218bc854bcc"
            ],
            "version": "==5.0.1"
        },
        "zope.interface": {
            "hashes": [
                "sha256:0103cba5ed09f27d2e3de7e48bb320338592e2fabc5ce1432cf33808eb2dfd8b",
                "sha256:14415d6979356629f1c386c8c4249b4d0082f2ea7f75871ebad2e29584bd16c5",
                "sha256:1ae4693ccee94c6e0c88a4568fb3b34af8871c60f5ba30cf9f94977ed0e53ddd",
                "sha256:1b87ed2dc05cb835138f6a6e3595593fea3564d712cb2eb2de963a41fd35758c",
                "sha256:269b27f60bcf45438e8683269f8ecd1235fa13e5411de93dae3b9ee4fe7f7bc7",
                "sha256:27d287e61639d692563d9dab76bafe071fbeb26818dd6a32a0022f3f7ca884b5",
                "sha256:39106649c3082972106f930766ae23d1464a73b7d30b3698c986f74bf1256a34",
                "sha256:40e4c42bd27ed3c11b2c983fecfb03356fae1209de10686d03c02c8696a1d90e",
                "sha256:461d4339b3b8f3335d7e2c90ce335eb275488c587b61aca4b305196dde2ff086",
                "sha256:4f98f70328bc788c86a6a1a8a14b0ea979f81ae6015dd6c72978f1feff70ecda",
                "sha256:558a20a0845d1a5dc6ff87cd0f63d7dac982d7c3be05d2ffb6322a87c17fa286",
                "sha256:562dccd37acec149458c1791da459f130c6cf8902c94c93b8d47c6337b9fb826",
                "sha256:5e86c66a6dea8ab6152e83b0facc856dc4d435fe0f872f01d66ce0a2131b7f1d",
                "sha256:60a207efcd8c11d6bbeb7862e33418fba4e4ad79846d88d160d7231fcb42a5ee",
                "sha256:645a7092b77fdbc3f68d3cc98f9d3e71510e419f54019d6e282328c0dd140dcd",
                "sha256:6874367586c020705a44eecdad5d6b587c64b892e34305bb6ed87c9bbe22a5e9",
                "sha256:74bf0a4f9091131de09286f9a605db449840e313753949fe07c8d0fe7659ad1e",
                "sha256:7b726194f938791a6691c7592c8b9e805fc6d1b9632a833b9c0640828cd49cbc",
                "sha256:8149ded7f90154fdc1a40e0c8975df58041a6f693b8f7edcd9348484e9dc17fe",
                "sha256:8cccf7057c7d19064a9e27660f5aec4e5c4001ffcf653a47531bde19b5aa2a8a",
                "sha256:911714b08b63d155f9c948da2b5534b223a1a4fc50bb67139ab68b277c938578",
                "sha256:a5f8f85986197d1dd6444763c4a15c991bfed86d835a1f6f7d476f7198d5f56a",
                "sha256:a744132d0abaa854d1aad50ba9bc64e79c6f835b3e92521db4235a1991176813",
                "sha256:af2c14efc0bb0e91af63d00080ccc067866fb8cbbaca2b0438ab4105f5e0f08d",
                "sha256:b054eb0a8aa712c8e9030065a59b5e6a5cf0746ecdb5f087cca5ec7685690c19",
                "sha256:b0becb75418f8a130e9d465e718316cd17c7a8acce6fe8fe07adc72762bee425",
                "sha256:b1d2ed1cbda2ae107283befd9284e650d840f8f7568cb9060b5466d25dc48975",
                "sha256:ba4261c8ad00b49d48bbb3b5af388bb7576edfc0ca50a49c11dcb77caa1d897e",
                "sha256:d1fe9d7d09bb07228650903d6a9dc48ea649e3b8c69b1d263419cc722b3938e8",
                "sha256:d7804f6a71fc2dda888ef2de266727ec2f3915373d5a785ed4ddc603bbc91e08",
                "sha256:da2844fba024dd58eaa712561da47dcd1e7ad544a257482392472eae1c86d5e5",
                "sha256:dcefc97d1daf8d55199420e9162ab584ed0893a109f45e438b9794ced44c9fd0",
                "sha256:dd98c436a1fc56f48c70882cc243df89ad036210d871c7427dc164b31500dc11",
                "sha256:e74671e43ed4569fbd7989e5eecc7d06dc134b571872ab1d5a88f4a123814e9f",
                "sha256:eb9b92f456ff3ec746cd4935b73c1117538d6124b8617bc0fe6fda0b3816e345",
                "sha256:ebb4e637a1fb861c34e48a00d03cffa9234f42bef923aec44e5625ffb9a8e8f9",
                "sha256:ef739fe89e7f43fb6494a43b1878a36273e5924869ba1d866f752c5812ae8d58",
                "sha256:f40db0e02a8157d2b90857c24d89b6310f9b6c3642369852cdc3b5ac49b92afc",
                "sha256:f68bf937f113b88c866d090fea0bc52a098695173fc613b055a17ff0cf9683b6",
                "sha256:fb55c182a3f7b84c1a2d6de5fa7b1a05d4660d866b91dbf8d74549c57a1499e8"
            ],
            "version": "==5.1.0"
        },
        "zope.lifecycleevent": {
            "hashes": [
                "sha256:2be120f09ff185ac5e3294741e30a77678bd23fd7718a76fe373fc91bc13b732",
                "sha256:7ec39087cc1524e55557e7d9dc6295eb1b95b09b125e293c0e2dd068574f0aee"
            ],
            "version": "==4.3"
        },
        "zope.proxy": {
            "hashes": [
                "sha256:00573dfa755d0703ab84bb23cb6ecf97bb683c34b340d4df76651f97b0bab068",
                "sha256:092049280f2848d2ba1b57b71fe04881762a220a97b65288bcb0968bb199ec30",
                "sha256:0cbd27b4d3718b5ec74fc65ffa53c78d34c65c6fd9411b8352d2a4f855220cf1",
                "sha256:17fc7e16d0c81f833a138818a30f366696653d521febc8e892858041c4d88785",
                "sha256:19577dfeb70e8a67249ba92c8ad20589a1a2d86a8d693647fa8385408a4c17b0",
                "sha256:207aa914576b1181597a1516e1b90599dc690c095343ae281b0772e44945e6a4",
                "sha256:219a7db5ed53e523eb4a4769f13105118b6d5b04ed169a283c9775af221e231f",
                "sha256:2b50ea79849e46b5f4f2b0247a3687505d32d161eeb16a75f6f7e6cd81936e43",
                "sha256:5903d38362b6c716e66bbe470f190579c530a5baf03dbc8500e5c2357aa569a5",
                "sha256:5c24903675e271bd688c6e9e7df5775ac6b168feb87dbe0e4bcc90805f21b28f",
                "sha256:5ef6bc5ed98139e084f4e91100f2b098a0cd3493d4e76f9d6b3f7b95d7ad0f06",
                "sha256:61b55ae3c23a126a788b33ffb18f37d6668e79a05e756588d9e4d4be7246ab1c",
                "sha256:63ddb992931a5e616c87d3d89f5a58db086e617548005c7f9059fac68c03a5cc",
                "sha256:6943da9c09870490dcfd50c4909c0cc19f434fa6948f61282dc9cb07bcf08160",
                "sha256:6ad40f85c1207803d581d5d75e9ea25327cd524925699a83dfc03bf8e4ba72b7",
                "sha256:6b44433a79bdd7af0e3337bd7bbcf53dd1f9b0fa66bf21bcb756060ce32a96c1",
                "sha256:6bbaa245015d933a4172395baad7874373f162955d73612f0b66b6c2c33b6366",
                "sha256:7007227f4ea85b40a2f5e5a244479f6a6dfcf906db9b55e812a814a8f0e2c28d",
                "sha256:74884a0aec1f1609190ec8b34b5d58fb3b5353cf22b96161e13e0e835f13518f",
                "sha256:7d25fe5571ddb16369054f54cdd883f23de9941476d97f2b92eb6d7d83afe22d",
                "sha256:7e162bdc5e3baad26b2262240be7d2bab36991d85a6a556e48b9dfb402370261",
                "sha256:814d62678dc3a30f4aa081982d830b7c342cf230ffc9d030b020cb154eeebf9e",
                "sha256:8878a34c5313ee52e20aa50b03138af8d472bae465710fb954d133a9bfd3c38d",
                "sha256:a66a0d94e5b081d5d695e66d6667e91e74d79e273eee95c1747717ba9cb70792",
                "sha256:a69f5cbf4addcfdf03dda564a671040127a6b7c34cf9fe4973582e68441b63fa",
                "sha256:b00f9f0c334d07709d3f73a7cb8ae63c6ca1a90c790a63b5e7effa666ef96021",
                "sha256:b6ed71e4a7b4690447b626f499d978aa13197a0e592950e5d7020308f6054698",
                "sha256:bdf5041e5851526e885af579d2f455348dba68d74f14a32781933569a327fddf",
                "sha256:be034360dd34e62608419f86e799c97d389c10a0e677a25f236a971b2f40dac9",
                "sha256:cc8f590a5eed30b314ae6b0232d925519ade433f663de79cc3783e4b10d662ba",
                "sha256:cd7a318a15fe6cc4584bf3c4426f092ed08c0fd012cf2a9173114234fe193e11",
                "sha256:cf19b5f63a59c20306e034e691402b02055c8f4e38bf6792c23cad489162a642",
                "sha256:cfc781ce442ec407c841e9aa51d0e1024f72b6ec34caa8fdb6ef9576d549acf2",
                "sha256:dea9f6f8633571e18bc20cad83603072e697103a567f4b0738d52dd0211b4527",
                "sha256:e4a86a1d5eb2cce83c5972b3930c7c1eac81ab3508464345e2b8e54f119d5505",
                "sha256:e7106374d4a74ed9ff00c46cc00f0a9f06a0775f8868e423f85d4464d2333679",
                "sha256:e98a8a585b5668aa9e34d10f7785abf9545fe72663b4bfc16c99a115185ae6a5",
                "sha256:f64840e68483316eb58d82c376ad3585ca995e69e33b230436de0cdddf7363f9",
                "sha256:f8f4b0a9e6683e43889852130595c8854d8ae237f2324a053cdd884de936aa9b",
                "sha256:fc45a53219ed30a7f670a6d8c98527af0020e6fd4ee4c0a8fb59f147f06d816c"
            ],
            "version": "==4.3.5"
        }
    },
    "develop": {
        "atomicwrites": {
            "hashes": [
                "sha256:6d1784dea7c0c8d4a5172b6c620f40b6e4cbfdf96d783691f2e1302a7b88e197",
                "sha256:ae70396ad1a434f9c7046fd2dd196fc04b12f9e91ffb859164193be8b6168a7a"
            ],
            "markers": "sys_platform == 'win32'",
            "version": "==1.4.0"
        },
        "attrs": {
            "hashes": [
                "sha256:08a96c641c3a74e44eb59afb61a24f2cb9f4d7188748e76ba4bb5edfa3cb7d1c",
                "sha256:f7b7ce16570fe9965acd6d30101a28f62fb4a7f9e926b3bbc9b61f8b04247e72"
            ],
            "version": "==19.3.0"
        },
        "colorama": {
            "hashes": [
                "sha256:7d73d2a99753107a36ac6b455ee49046802e59d9d076ef8e47b61499fa29afff",
                "sha256:e96da0d330793e2cb9485e9ddfd918d456036c7149416295932478192f4436a1"
            ],
            "markers": "sys_platform == 'win32'",
            "version": "==0.4.3"
        },
        "more-itertools": {
            "hashes": [
                "sha256:5dd8bcf33e5f9513ffa06d5ad33d78f31e1931ac9a18f33d37e77a180d393a7c",
                "sha256:b1ddb932186d8a6ac451e1d95844b382f55e12686d51ca0c68b6f61f2ab7a507"
            ],
            "version": "==8.2.0"
        },
        "packaging": {
            "hashes": [
                "sha256:3c292b474fda1671ec57d46d739d072bfd495a4f51ad01a055121d81e952b7a3",
                "sha256:82f77b9bee21c1bafbf35a84905d604d5d1223801d639cf3ed140bd651c08752"
            ],
            "version": "==20.3"
        },
        "pluggy": {
            "hashes": [
                "sha256:15b2acde666561e1298d71b523007ed7364de07029219b604cf808bfa1c765b0",
                "sha256:966c145cd83c96502c3c3868f50408687b38434af77734af1e9ca461a4081d2d"
            ],
            "version": "==0.13.1"
        },
        "py": {
            "hashes": [
                "sha256:5e27081401262157467ad6e7f851b7aa402c5852dbcb3dae06768434de5752aa",
                "sha256:c20fdd83a5dbc0af9efd622bee9a5564e278f6380fffcacc43ba6f43db2813b0"
            ],
            "version": "==1.8.1"
        },
        "pyparsing": {
            "hashes": [
                "sha256:c203ec8783bf771a155b207279b9bccb8dea02d8f0c9e5f8ead507bc3246ecc1",
                "sha256:ef9d7589ef3c200abe66653d3f1ab1033c3c419ae9b9bdb1240a85b024efc88b"
            ],
            "version": "==2.4.7"
        },
        "pytest": {
            "hashes": [
                "sha256:95c710d0a72d91c13fae35dce195633c929c3792f54125919847fdcdf7caa0d3",
                "sha256:eb2b5e935f6a019317e455b6da83dd8650ac9ffd2ee73a7b657a30873d67a698"
            ],
            "index": "pypi",
            "version": "==5.4.2"
        },
        "six": {
            "hashes": [
                "sha256:236bdbdce46e6e6a3d61a337c0f8b763ca1e8717c03b369e87a7ec7ce1319c0a",
                "sha256:8f3cd2e254d8f793e7f3d6d9df77b92252b52637291d0f0da013c76ea2724b6c"
            ],
            "version": "==1.14.0"
        },
        "wcwidth": {
            "hashes": [
                "sha256:cafe2186b3c009a04067022ce1dcd79cb38d8d65ee4f4791b8888d6599d1bbe1",
                "sha256:ee73862862a156bf77ff92b09034fc4825dd3af9cf81bc5b360668d425f3c5f1"
            ],
            "version": "==0.1.9"
        }
    }
}
